// !$*UTF8*$!
{
	archiveVersion = 1;
	classes = {
	};
	objectVersion = 56;
	objects = {

/* Begin PBXBuildFile section */

		0BB1885629FCFBD400587BD0 /* MainViewController.swift in Sources */ = {isa = PBXBuildFile; fileRef = 0BB1885529FCFBD400587BD0 /* MainViewController.swift */; };
		0BB1885A29FD5B4300587BD0 /* PetTableViewController.swift in Sources */ = {isa = PBXBuildFile; fileRef = 0BB1885929FD5B4300587BD0 /* PetTableViewController.swift */; };
		0BB1885C29FD5DB200587BD0 /* Pet.swift in Sources */ = {isa = PBXBuildFile; fileRef = 0BB1885B29FD5DB200587BD0 /* Pet.swift */; };
		0BB1885E29FD649200587BD0 /* PetDetailsViewController.swift in Sources */ = {isa = PBXBuildFile; fileRef = 0BB1885D29FD649200587BD0 /* PetDetailsViewController.swift */; };
		35E9D7A029FBE9BB00C2FBC9 /* ProfileViewController.swift in Sources */ = {isa = PBXBuildFile; fileRef = 35E9D79F29FBE9BB00C2FBC9 /* ProfileViewController.swift */; };
		35E9D7A229FBE9CE00C2FBC9 /* AboutUsViewController.swift in Sources */ = {isa = PBXBuildFile; fileRef = 35E9D7A129FBE9CE00C2FBC9 /* AboutUsViewController.swift */; };


		0B3D789D29FBEFA80058633E /* WelcomeViewController.swift in Sources */ = {isa = PBXBuildFile; fileRef = 0B3D789C29FBEFA80058633E /* WelcomeViewController.swift */; };
		0B3D789F29FBEFBE0058633E /* LogInViewController.swift in Sources */ = {isa = PBXBuildFile; fileRef = 0B3D789E29FBEFBE0058633E /* LogInViewController.swift */; };
		0B3D78A129FBEFE70058633E /* EnterCodeViewController.swift in Sources */ = {isa = PBXBuildFile; fileRef = 0B3D78A029FBEFE70058633E /* EnterCodeViewController.swift */; };


		FA8A268829FBC11200CD077F /* AppDelegate.swift in Sources */ = {isa = PBXBuildFile; fileRef = FA8A268729FBC11200CD077F /* AppDelegate.swift */; };
		FA8A268A29FBC11200CD077F /* SceneDelegate.swift in Sources */ = {isa = PBXBuildFile; fileRef = FA8A268929FBC11200CD077F /* SceneDelegate.swift */; };
		FA8A268C29FBC11200CD077F /* SignInViewController.swift in Sources */ = {isa = PBXBuildFile; fileRef = FA8A268B29FBC11200CD077F /* SignInViewController.swift */; };
		FA8A268F29FBC11200CD077F /* Main.storyboard in Resources */ = {isa = PBXBuildFile; fileRef = FA8A268D29FBC11200CD077F /* Main.storyboard */; };
		FA8A269129FBC11300CD077F /* Assets.xcassets in Resources */ = {isa = PBXBuildFile; fileRef = FA8A269029FBC11300CD077F /* Assets.xcassets */; };
		FA8A269429FBC11300CD077F /* LaunchScreen.storyboard in Resources */ = {isa = PBXBuildFile; fileRef = FA8A269229FBC11300CD077F /* LaunchScreen.storyboard */; };
/* End PBXBuildFile section */

/* Begin PBXFileReference section */

		0BB1885529FCFBD400587BD0 /* MainViewController.swift */ = {isa = PBXFileReference; lastKnownFileType = sourcecode.swift; path = MainViewController.swift; sourceTree = "<group>"; };
		0BB1885929FD5B4300587BD0 /* PetTableViewController.swift */ = {isa = PBXFileReference; lastKnownFileType = sourcecode.swift; path = PetTableViewController.swift; sourceTree = "<group>"; };
		0BB1885B29FD5DB200587BD0 /* Pet.swift */ = {isa = PBXFileReference; lastKnownFileType = sourcecode.swift; path = Pet.swift; sourceTree = "<group>"; };
		0BB1885D29FD649200587BD0 /* PetDetailsViewController.swift */ = {isa = PBXFileReference; lastKnownFileType = sourcecode.swift; path = PetDetailsViewController.swift; sourceTree = "<group>"; };
		35E9D79F29FBE9BB00C2FBC9 /* ProfileViewController.swift */ = {isa = PBXFileReference; lastKnownFileType = sourcecode.swift; path = ProfileViewController.swift; sourceTree = "<group>"; };
		35E9D7A129FBE9CE00C2FBC9 /* AboutUsViewController.swift */ = {isa = PBXFileReference; lastKnownFileType = sourcecode.swift; path = AboutUsViewController.swift; sourceTree = "<group>"; };

UsViewController.swift; sourceTree = "<group>"; };

		0B3D789C29FBEFA80058633E /* WelcomeViewController.swift */ = {isa = PBXFileReference; lastKnownFileType = sourcecode.swift; path = WelcomeViewController.swift; sourceTree = "<group>"; };
		0B3D789E29FBEFBE0058633E /* LogInViewController.swift */ = {isa = PBXFileReference; lastKnownFileType = sourcecode.swift; path = LogInViewController.swift; sourceTree = "<group>"; };
		0B3D78A029FBEFE70058633E /* EnterCodeViewController.swift */ = {isa = PBXFileReference; lastKnownFileType = sourcecode.swift; path = EnterCodeViewController.swift; sourceTree = "<group>"; };


		FA8A268429FBC11200CD077F /* PetProject.app */ = {isa = PBXFileReference; explicitFileType = wrapper.application; includeInIndex = 0; path = PetProject.app; sourceTree = BUILT_PRODUCTS_DIR; };
		FA8A268729FBC11200CD077F /* AppDelegate.swift */ = {isa = PBXFileReference; lastKnownFileType = sourcecode.swift; path = AppDelegate.swift; sourceTree = "<group>"; };
		FA8A268929FBC11200CD077F /* SceneDelegate.swift */ = {isa = PBXFileReference; lastKnownFileType = sourcecode.swift; path = SceneDelegate.swift; sourceTree = "<group>"; };
		FA8A268B29FBC11200CD077F /* SignInViewController.swift */ = {isa = PBXFileReference; lastKnownFileType = sourcecode.swift; path = SignInViewController.swift; sourceTree = "<group>"; };
		FA8A268E29FBC11200CD077F /* Base */ = {isa = PBXFileReference; lastKnownFileType = file.storyboard; name = Base; path = Base.lproj/Main.storyboard; sourceTree = "<group>"; };
		FA8A269029FBC11300CD077F /* Assets.xcassets */ = {isa = PBXFileReference; lastKnownFileType = folder.assetcatalog; path = Assets.xcassets; sourceTree = "<group>"; };
		FA8A269329FBC11300CD077F /* Base */ = {isa = PBXFileReference; lastKnownFileType = file.storyboard; name = Base; path = Base.lproj/LaunchScreen.storyboard; sourceTree = "<group>"; };
		FA8A269529FBC11400CD077F /* Info.plist */ = {isa = PBXFileReference; lastKnownFileType = text.plist.xml; path = Info.plist; sourceTree = "<group>"; };
/* End PBXFileReference section */

/* Begin PBXFrameworksBuildPhase section */
		FA8A268129FBC11200CD077F /* Frameworks */ = {
			isa = PBXFrameworksBuildPhase;
			buildActionMask = 2147483647;
			files = (
			);
			runOnlyForDeploymentPostprocessing = 0;
		};
/* End PBXFrameworksBuildPhase section */

/* Begin PBXGroup section */
		FA8A267B29FBC11200CD077F = {
			isa = PBXGroup;
			children = (
				FA8A268629FBC11200CD077F /* PetProject */,
				FA8A268529FBC11200CD077F /* Products */,
			);
			sourceTree = "<group>";
		};
		FA8A268529FBC11200CD077F /* Products */ = {
			isa = PBXGroup;
			children = (
				FA8A268429FBC11200CD077F /* PetProject.app */,
			);
			name = Products;
			sourceTree = "<group>";
		};
		FA8A268629FBC11200CD077F /* PetProject */ = {
			isa = PBXGroup;
			children = (
				FA8A269B29FBC13F00CD077F /* APP */,
				FA8A269C29FBC14E00CD077F /* ViewControllers */,
				FA8A269D29FBC17100CD077F /* Storyboards */,
				FA8A269029FBC11300CD077F /* Assets.xcassets */,
			);
			path = PetProject;
			sourceTree = "<group>";
		};
		FA8A269B29FBC13F00CD077F /* APP */ = {
			isa = PBXGroup;
			children = (
				FA8A268729FBC11200CD077F /* AppDelegate.swift */,
				FA8A268929FBC11200CD077F /* SceneDelegate.swift */,
				FA8A269529FBC11400CD077F /* Info.plist */,
			);
			path = APP;
			sourceTree = "<group>";
		};
		FA8A269C29FBC14E00CD077F /* ViewControllers */ = {
			isa = PBXGroup;
			children = (
				FA8A268B29FBC11200CD077F /* SignInViewController.swift */,

				35E9D79F29FBE9BB00C2FBC9 /* ProfileViewController.swift */,
				35E9D7A129FBE9CE00C2FBC9 /* AboutUsViewController.swift */,
				0BB1885529FCFBD400587BD0 /* MainViewController.swift */,
				0BB1885929FD5B4300587BD0 /* PetTableViewController.swift */,
				0BB1885B29FD5DB200587BD0 /* Pet.swift */,
				0BB1885D29FD649200587BD0 /* PetDetailsViewController.swift */,


				0B3D789C29FBEFA80058633E /* WelcomeViewController.swift */,
				0B3D789E29FBEFBE0058633E /* LogInViewController.swift */,
				0B3D78A029FBEFE70058633E /* EnterCodeViewController.swift */,


			);
			path = ViewControllers;
			sourceTree = "<group>";
		};
		FA8A269D29FBC17100CD077F /* Storyboards */ = {
			isa = PBXGroup;
			children = (
				FA8A268D29FBC11200CD077F /* Main.storyboard */,
				FA8A269229FBC11300CD077F /* LaunchScreen.storyboard */,
			);
			path = Storyboards;
			sourceTree = "<group>";
		};
/* End PBXGroup section */

/* Begin PBXNativeTarget section */
		FA8A268329FBC11200CD077F /* PetProject */ = {
			isa = PBXNativeTarget;
			buildConfigurationList = FA8A269829FBC11400CD077F /* Build configuration list for PBXNativeTarget "PetProject" */;
			buildPhases = (
				FA8A268029FBC11200CD077F /* Sources */,
				FA8A268129FBC11200CD077F /* Frameworks */,
				FA8A268229FBC11200CD077F /* Resources */,
			);
			buildRules = (
			);
			dependencies = (
			);
			name = PetProject;
			productName = PetProject;
			productReference = FA8A268429FBC11200CD077F /* PetProject.app */;
			productType = "com.apple.product-type.application";
		};
/* End PBXNativeTarget section */

/* Begin PBXProject section */
		FA8A267C29FBC11200CD077F /* Project object */ = {
			isa = PBXProject;
			attributes = {
				BuildIndependentTargetsInParallel = 1;
				LastSwiftUpdateCheck = 1410;
				LastUpgradeCheck = 1410;
				TargetAttributes = {
					FA8A268329FBC11200CD077F = {
						CreatedOnToolsVersion = 14.1;
					};
				};
			};
			buildConfigurationList = FA8A267F29FBC11200CD077F /* Build configuration list for PBXProject "PetProject" */;
			compatibilityVersion = "Xcode 14.0";
			developmentRegion = en;
			hasScannedForEncodings = 0;
			knownRegions = (
				en,
				Base,
			);
			mainGroup = FA8A267B29FBC11200CD077F;
			productRefGroup = FA8A268529FBC11200CD077F /* Products */;
			projectDirPath = "";
			projectRoot = "";
			targets = (
				FA8A268329FBC11200CD077F /* PetProject */,
			);
		};
/* End PBXProject section */

/* Begin PBXResourcesBuildPhase section */
		FA8A268229FBC11200CD077F /* Resources */ = {
			isa = PBXResourcesBuildPhase;
			buildActionMask = 2147483647;
			files = (
				FA8A269429FBC11300CD077F /* LaunchScreen.storyboard in Resources */,
				FA8A269129FBC11300CD077F /* Assets.xcassets in Resources */,
				FA8A268F29FBC11200CD077F /* Main.storyboard in Resources */,
			);
			runOnlyForDeploymentPostprocessing = 0;
		};
/* End PBXResourcesBuildPhase section */

/* Begin PBXSourcesBuildPhase section */
		FA8A268029FBC11200CD077F /* Sources */ = {
			isa = PBXSourcesBuildPhase;
			buildActionMask = 2147483647;
			files = (

				0B3D78A129FBEFE70058633E /* EnterCodeViewController.swift in Sources */,

				FA8A268C29FBC11200CD077F /* SignInViewController.swift in Sources */,
				0B3D789D29FBEFA80058633E /* WelcomeViewController.swift in Sources */,
				FA8A268829FBC11200CD077F /* AppDelegate.swift in Sources */,

				0BB1885629FCFBD400587BD0 /* MainViewController.swift in Sources */,
				0BB1885E29FD649200587BD0 /* PetDetailsViewController.swift in Sources */,
				35E9D7A029FBE9BB00C2FBC9 /* ProfileViewController.swift in Sources */,
				0BB1885C29FD5DB200587BD0 /* Pet.swift in Sources */,



				0B3D789F29FBEFBE0058633E /* LogInViewController.swift in Sources */,


				FA8A268A29FBC11200CD077F /* SceneDelegate.swift in Sources */,
				0BB1885A29FD5B4300587BD0 /* PetTableViewController.swift in Sources */,
			);
			runOnlyForDeploymentPostprocessing = 0;
		};
/* End PBXSourcesBuildPhase section */

/* Begin PBXVariantGroup section */
		FA8A268D29FBC11200CD077F /* Main.storyboard */ = {
			isa = PBXVariantGroup;
			children = (
				FA8A268E29FBC11200CD077F /* Base */,
			);
			name = Main.storyboard;
			sourceTree = "<group>";
		};
		FA8A269229FBC11300CD077F /* LaunchScreen.storyboard */ = {
			isa = PBXVariantGroup;
			children = (
				FA8A269329FBC11300CD077F /* Base */,
			);
			name = LaunchScreen.storyboard;
			sourceTree = "<group>";
		};
/* End PBXVariantGroup section */

/* Begin XCBuildConfiguration section */
		FA8A269629FBC11400CD077F /* Debug */ = {
			isa = XCBuildConfiguration;
			buildSettings = {
				ALWAYS_SEARCH_USER_PATHS = NO;
				CLANG_ANALYZER_NONNULL = YES;
				CLANG_ANALYZER_NUMBER_OBJECT_CONVERSION = YES_AGGRESSIVE;
				CLANG_CXX_LANGUAGE_STANDARD = "gnu++20";
				CLANG_ENABLE_MODULES = YES;
				CLANG_ENABLE_OBJC_ARC = YES;
				CLANG_ENABLE_OBJC_WEAK = YES;
				CLANG_WARN_BLOCK_CAPTURE_AUTORELEASING = YES;
				CLANG_WARN_BOOL_CONVERSION = YES;
				CLANG_WARN_COMMA = YES;
				CLANG_WARN_CONSTANT_CONVERSION = YES;
				CLANG_WARN_DEPRECATED_OBJC_IMPLEMENTATIONS = YES;
				CLANG_WARN_DIRECT_OBJC_ISA_USAGE = YES_ERROR;
				CLANG_WARN_DOCUMENTATION_COMMENTS = YES;
				CLANG_WARN_EMPTY_BODY = YES;
				CLANG_WARN_ENUM_CONVERSION = YES;
				CLANG_WARN_INFINITE_RECURSION = YES;
				CLANG_WARN_INT_CONVERSION = YES;
				CLANG_WARN_NON_LITERAL_NULL_CONVERSION = YES;
				CLANG_WARN_OBJC_IMPLICIT_RETAIN_SELF = YES;
				CLANG_WARN_OBJC_LITERAL_CONVERSION = YES;
				CLANG_WARN_OBJC_ROOT_CLASS = YES_ERROR;
				CLANG_WARN_QUOTED_INCLUDE_IN_FRAMEWORK_HEADER = YES;
				CLANG_WARN_RANGE_LOOP_ANALYSIS = YES;
				CLANG_WARN_STRICT_PROTOTYPES = YES;
				CLANG_WARN_SUSPICIOUS_MOVE = YES;
				CLANG_WARN_UNGUARDED_AVAILABILITY = YES_AGGRESSIVE;
				CLANG_WARN_UNREACHABLE_CODE = YES;
				CLANG_WARN__DUPLICATE_METHOD_MATCH = YES;
				COPY_PHASE_STRIP = NO;
				DEBUG_INFORMATION_FORMAT = dwarf;
				ENABLE_STRICT_OBJC_MSGSEND = YES;
				ENABLE_TESTABILITY = YES;
				GCC_C_LANGUAGE_STANDARD = gnu11;
				GCC_DYNAMIC_NO_PIC = NO;
				GCC_NO_COMMON_BLOCKS = YES;
				GCC_OPTIMIZATION_LEVEL = 0;
				GCC_PREPROCESSOR_DEFINITIONS = (
					"DEBUG=1",
					"$(inherited)",
				);
				GCC_WARN_64_TO_32_BIT_CONVERSION = YES;
				GCC_WARN_ABOUT_RETURN_TYPE = YES_ERROR;
				GCC_WARN_UNDECLARED_SELECTOR = YES;
				GCC_WARN_UNINITIALIZED_AUTOS = YES_AGGRESSIVE;
				GCC_WARN_UNUSED_FUNCTION = YES;
				GCC_WARN_UNUSED_VARIABLE = YES;
				IPHONEOS_DEPLOYMENT_TARGET = 16.1;
				MTL_ENABLE_DEBUG_INFO = INCLUDE_SOURCE;
				MTL_FAST_MATH = YES;
				ONLY_ACTIVE_ARCH = YES;
				SDKROOT = iphoneos;
				SWIFT_ACTIVE_COMPILATION_CONDITIONS = DEBUG;
				SWIFT_OPTIMIZATION_LEVEL = "-Onone";
			};
			name = Debug;
		};
		FA8A269729FBC11400CD077F /* Release */ = {
			isa = XCBuildConfiguration;
			buildSettings = {
				ALWAYS_SEARCH_USER_PATHS = NO;
				CLANG_ANALYZER_NONNULL = YES;
				CLANG_ANALYZER_NUMBER_OBJECT_CONVERSION = YES_AGGRESSIVE;
				CLANG_CXX_LANGUAGE_STANDARD = "gnu++20";
				CLANG_ENABLE_MODULES = YES;
				CLANG_ENABLE_OBJC_ARC = YES;
				CLANG_ENABLE_OBJC_WEAK = YES;
				CLANG_WARN_BLOCK_CAPTURE_AUTORELEASING = YES;
				CLANG_WARN_BOOL_CONVERSION = YES;
				CLANG_WARN_COMMA = YES;
				CLANG_WARN_CONSTANT_CONVERSION = YES;
				CLANG_WARN_DEPRECATED_OBJC_IMPLEMENTATIONS = YES;
				CLANG_WARN_DIRECT_OBJC_ISA_USAGE = YES_ERROR;
				CLANG_WARN_DOCUMENTATION_COMMENTS = YES;
				CLANG_WARN_EMPTY_BODY = YES;
				CLANG_WARN_ENUM_CONVERSION = YES;
				CLANG_WARN_INFINITE_RECURSION = YES;
				CLANG_WARN_INT_CONVERSION = YES;
				CLANG_WARN_NON_LITERAL_NULL_CONVERSION = YES;
				CLANG_WARN_OBJC_IMPLICIT_RETAIN_SELF = YES;
				CLANG_WARN_OBJC_LITERAL_CONVERSION = YES;
				CLANG_WARN_OBJC_ROOT_CLASS = YES_ERROR;
				CLANG_WARN_QUOTED_INCLUDE_IN_FRAMEWORK_HEADER = YES;
				CLANG_WARN_RANGE_LOOP_ANALYSIS = YES;
				CLANG_WARN_STRICT_PROTOTYPES = YES;
				CLANG_WARN_SUSPICIOUS_MOVE = YES;
				CLANG_WARN_UNGUARDED_AVAILABILITY = YES_AGGRESSIVE;
				CLANG_WARN_UNREACHABLE_CODE = YES;
				CLANG_WARN__DUPLICATE_METHOD_MATCH = YES;
				COPY_PHASE_STRIP = NO;
				DEBUG_INFORMATION_FORMAT = "dwarf-with-dsym";
				ENABLE_NS_ASSERTIONS = NO;
				ENABLE_STRICT_OBJC_MSGSEND = YES;
				GCC_C_LANGUAGE_STANDARD = gnu11;
				GCC_NO_COMMON_BLOCKS = YES;
				GCC_WARN_64_TO_32_BIT_CONVERSION = YES;
				GCC_WARN_ABOUT_RETURN_TYPE = YES_ERROR;
				GCC_WARN_UNDECLARED_SELECTOR = YES;
				GCC_WARN_UNINITIALIZED_AUTOS = YES_AGGRESSIVE;
				GCC_WARN_UNUSED_FUNCTION = YES;
				GCC_WARN_UNUSED_VARIABLE = YES;
				IPHONEOS_DEPLOYMENT_TARGET = 16.1;
				MTL_ENABLE_DEBUG_INFO = NO;
				MTL_FAST_MATH = YES;
				SDKROOT = iphoneos;
				SWIFT_COMPILATION_MODE = wholemodule;
				SWIFT_OPTIMIZATION_LEVEL = "-O";
				VALIDATE_PRODUCT = YES;
			};
			name = Release;
		};
		FA8A269929FBC11400CD077F /* Debug */ = {
			isa = XCBuildConfiguration;
			buildSettings = {
				ASSETCATALOG_COMPILER_APPICON_NAME = AppIcon;
				ASSETCATALOG_COMPILER_GLOBAL_ACCENT_COLOR_NAME = AccentColor;
				CODE_SIGN_STYLE = Automatic;
				CURRENT_PROJECT_VERSION = 1;
				GENERATE_INFOPLIST_FILE = YES;
				INFOPLIST_FILE = PetProject/APP/Info.plist;
				INFOPLIST_KEY_UIApplicationSupportsIndirectInputEvents = YES;
				INFOPLIST_KEY_UILaunchStoryboardName = LaunchScreen;
				INFOPLIST_KEY_UIMainStoryboardFile = Main;
				INFOPLIST_KEY_UISupportedInterfaceOrientations_iPad = "UIInterfaceOrientationPortrait UIInterfaceOrientationPortraitUpsideDown UIInterfaceOrientationLandscapeLeft UIInterfaceOrientationLandscapeRight";
				INFOPLIST_KEY_UISupportedInterfaceOrientations_iPhone = "UIInterfaceOrientationPortrait UIInterfaceOrientationLandscapeLeft UIInterfaceOrientationLandscapeRight";
				LD_RUNPATH_SEARCH_PATHS = (
					"$(inherited)",
					"@executable_path/Frameworks",
				);
				MARKETING_VERSION = 1.0;
				PRODUCT_BUNDLE_IDENTIFIER = Alex.PetProject;
				PRODUCT_NAME = "$(TARGET_NAME)";
				SUPPORTED_PLATFORMS = "iphoneos iphonesimulator";
				SUPPORTS_MACCATALYST = NO;
				SUPPORTS_MAC_DESIGNED_FOR_IPHONE_IPAD = NO;
				SWIFT_EMIT_LOC_STRINGS = YES;
				SWIFT_VERSION = 5.0;
				TARGETED_DEVICE_FAMILY = 1;
			};
			name = Debug;
		};
		FA8A269A29FBC11400CD077F /* Release */ = {
			isa = XCBuildConfiguration;
			buildSettings = {
				ASSETCATALOG_COMPILER_APPICON_NAME = AppIcon;
				ASSETCATALOG_COMPILER_GLOBAL_ACCENT_COLOR_NAME = AccentColor;
				CODE_SIGN_STYLE = Automatic;
				CURRENT_PROJECT_VERSION = 1;
				GENERATE_INFOPLIST_FILE = YES;
				INFOPLIST_FILE = PetProject/APP/Info.plist;
				INFOPLIST_KEY_UIApplicationSupportsIndirectInputEvents = YES;
				INFOPLIST_KEY_UILaunchStoryboardName = LaunchScreen;
				INFOPLIST_KEY_UIMainStoryboardFile = Main;
				INFOPLIST_KEY_UISupportedInterfaceOrientations_iPad = "UIInterfaceOrientationPortrait UIInterfaceOrientationPortraitUpsideDown UIInterfaceOrientationLandscapeLeft UIInterfaceOrientationLandscapeRight";
				INFOPLIST_KEY_UISupportedInterfaceOrientations_iPhone = "UIInterfaceOrientationPortrait UIInterfaceOrientationLandscapeLeft UIInterfaceOrientationLandscapeRight";
				LD_RUNPATH_SEARCH_PATHS = (
					"$(inherited)",
					"@executable_path/Frameworks",
				);
				MARKETING_VERSION = 1.0;
				PRODUCT_BUNDLE_IDENTIFIER = Alex.PetProject;
				PRODUCT_NAME = "$(TARGET_NAME)";
				SUPPORTED_PLATFORMS = "iphoneos iphonesimulator";
				SUPPORTS_MACCATALYST = NO;
				SUPPORTS_MAC_DESIGNED_FOR_IPHONE_IPAD = NO;
				SWIFT_EMIT_LOC_STRINGS = YES;
				SWIFT_VERSION = 5.0;
				TARGETED_DEVICE_FAMILY = 1;
			};
			name = Release;
		};
/* End XCBuildConfiguration section */

/* Begin XCConfigurationList section */
		FA8A267F29FBC11200CD077F /* Build configuration list for PBXProject "PetProject" */ = {
			isa = XCConfigurationList;
			buildConfigurations = (
				FA8A269629FBC11400CD077F /* Debug */,
				FA8A269729FBC11400CD077F /* Release */,
			);
			defaultConfigurationIsVisible = 0;
			defaultConfigurationName = Release;
		};
		FA8A269829FBC11400CD077F /* Build configuration list for PBXNativeTarget "PetProject" */ = {
			isa = XCConfigurationList;
			buildConfigurations = (
				FA8A269929FBC11400CD077F /* Debug */,
				FA8A269A29FBC11400CD077F /* Release */,
			);
			defaultConfigurationIsVisible = 0;
			defaultConfigurationName = Release;
		};
/* End XCConfigurationList section */
	};
	rootObject = FA8A267C29FBC11200CD077F /* Project object */;
}
